<?xml version="1.0" encoding="utf-8"?>
<Project ToolsVersion="4.0" xmlns="http://schemas.microsoft.com/developer/msbuild/2003">
  <ItemGroup>
    <Filter Include="Файлы ресурсов">
      <UniqueIdentifier>{67DA6AB6-F800-4c08-8B7A-83BB121AAD01}</UniqueIdentifier>
      <Extensions>rc;ico;cur;bmp;dlg;rc2;rct;bin;rgs;gif;jpg;jpeg;jpe;resx;tiff;tif;png;wav;mfcribbon-ms</Extensions>
    </Filter>
    <Filter Include="include">
      <UniqueIdentifier>{4FC737F1-C7A5-4376-A066-2A32D752A2FF}</UniqueIdentifier>
      <Extensions>cpp;c;cc;cxx;c++;cppm;ixx;def;odl;idl;hpj;bat;asm;asmx</Extensions>
    </Filter>
    <Filter Include="src">
      <UniqueIdentifier>{93995380-89BD-4b04-88EB-625FBE52EBFB}</UniqueIdentifier>
      <Extensions>h;hh;hpp;hxx;h++;hm;inl;inc;ipp;xsd</Extensions>
    </Filter>
  </ItemGroup>
  <ItemGroup>
    <None Include="cpp.hint" />
  </ItemGroup>
  <ItemGroup>
    <ClInclude Include="include\dg_alloc.h">
      <Filter>include</Filter>
    </ClInclude>
    <ClInclude Include="include\dg_cpuinfo.h">
      <Filter>include</Filter>
    </ClInclude>
    <ClInclude Include="include\dg_filesystem.h">
      <Filter>include</Filter>
    </ClInclude>
    <ClInclude Include="include\dg_handle.h">
      <Filter>include</Filter>
    </ClInclude>
    <ClInclude Include="include\dg_linalloc.h">
      <Filter>include</Filter>
    </ClInclude>
    <ClInclude Include="include\dg_main.h">
      <Filter>include</Filter>
    </ClInclude>
    <ClInclude Include="include\dg_path.h">
      <Filter>include</Filter>
    </ClInclude>
    <ClInclude Include="include\dg_random.h">
      <Filter>include</Filter>
    </ClInclude>
    <ClInclude Include="include\dg_string.h">
      <Filter>include</Filter>
    </ClInclude>
    <ClInclude Include="include\dg_sync.h">
      <Filter>include</Filter>
    </ClInclude>
    <ClInclude Include="include\dg_sys.h">
      <Filter>include</Filter>
    </ClInclude>
    <ClInclude Include="include\dg_term.h">
      <Filter>include</Filter>
    </ClInclude>
    <ClInclude Include="include\dg_thread.h">
      <Filter>include</Filter>
    </ClInclude>
    <ClInclude Include="include\dg_threadpool.h">
      <Filter>include</Filter>
    </ClInclude>
    <ClInclude Include="include\dg_time.h">
      <Filter>include</Filter>
    </ClInclude>
  </ItemGroup>
  <ItemGroup>
    <ClCompile Include="src\dg_alloc.c">
      <Filter>src</Filter>
    </ClCompile>
    <ClCompile Include="src\dg_cpuinfo.c">
      <Filter>src</Filter>
    </ClCompile>
    <ClCompile Include="src\dg_filesystem.c">
      <Filter>src</Filter>
    </ClCompile>
    <ClCompile Include="src\dg_handle.c">
      <Filter>src</Filter>
    </ClCompile>
    <ClCompile Include="src\dg_linalloc.c">
      <Filter>src</Filter>
    </ClCompile>
    <ClCompile Include="src\dg_main.c">
      <Filter>src</Filter>
    </ClCompile>
    <ClCompile Include="src\dg_path.c">
      <Filter>src</Filter>
    </ClCompile>
    <ClCompile Include="src\dg_random.c">
      <Filter>src</Filter>
    </ClCompile>
    <ClCompile Include="src\dg_string.c">
      <Filter>src</Filter>
    </ClCompile>
    <ClCompile Include="src\dg_sync.c">
      <Filter>src</Filter>
    </ClCompile>
    <ClCompile Include="src\dg_sys.c">
      <Filter>src</Filter>
    </ClCompile>
    <ClCompile Include="src\dg_term.c">
      <Filter>src</Filter>
    </ClCompile>
    <ClCompile Include="src\dg_thread.c">
      <Filter>src</Filter>
    </ClCompile>
    <ClCompile Include="src\dg_threadpool.c">
      <Filter>src</Filter>
    </ClCompile>
    <ClCompile Include="src\dg_time.c">
      <Filter>src</Filter>
    </ClCompile>
  </ItemGroup>
</Project>